
Microsoft Visual Studio Solution File, Format Version 12.00
# Visual Studio Version 17
VisualStudioVersion = 17.0.31912.275
MinimumVisualStudioVersion = 10.0.40219.1
Project("{9A19103F-16F7-4668-BE54-9A1E7A4F7556}") = "genshin-relic-score", "score-checker-aws-lambda-server\genshin-relic-score\genshin-relic-score.csproj", "{D9917760-948D-46B1-9B8A-185B5E5E86F3}"
EndProject
Project("{9A19103F-16F7-4668-BE54-9A1E7A4F7556}") = "genshin-relic-score.Tests", "score-checker-aws-lambda-server\genshin-relic-score.Tests\genshin-relic-score.Tests.csproj", "{2F742042-BCFB-4407-B84D-06C8A096488D}"
EndProject
Project("{9A19103F-16F7-4668-BE54-9A1E7A4F7556}") = "score-checker-bot", "score-checker-twitter\score-checker-bot\score-checker-bot.csproj", "{6708C8F7-736B-4F47-A8F2-F7C04CCA8127}"
EndProject
Project("{9A19103F-16F7-4668-BE54-9A1E7A4F7556}") = "score-checker-bot.Tests", "score-checker-twitter\score-checker-bot.Tests\score-checker-bot.Tests.csproj", "{D8EF384B-DD83-44B1-BBD8-08857268D0D9}"
EndProject
Project("{9A19103F-16F7-4668-BE54-9A1E7A4F7556}") = "genshin-relic", "score-checker-winform-console\genshin-relic.csproj", "{CBED0799-D216-4B7B-95A8-FA0720DC47EE}"
EndProject
Global
	GlobalSection(SolutionConfigurationPlatforms) = preSolution
		Debug|Any CPU = Debug|Any CPU
		Release|Any CPU = Release|Any CPU
	EndGlobalSection
	GlobalSection(ProjectConfigurationPlatforms) = postSolution
		{D9917760-948D-46B1-9B8A-185B5E5E86F3}.Debug|Any CPU.ActiveCfg = Debug|Any CPU
		{D9917760-948D-46B1-9B8A-185B5E5E86F3}.Debug|Any CPU.Build.0 = Debug|Any CPU
		{D9917760-948D-46B1-9B8A-185B5E5E86F3}.Release|Any CPU.ActiveCfg = Release|Any CPU
		{D9917760-948D-46B1-9B8A-185B5E5E86F3}.Release|Any CPU.Build.0 = Release|Any CPU
		{2F742042-BCFB-4407-B84D-06C8A096488D}.Debug|Any CPU.ActiveCfg = Debug|Any CPU
		{2F742042-BCFB-4407-B84D-06C8A096488D}.Debug|Any CPU.Build.0 = Debug|Any CPU
		{2F742042-BCFB-4407-B84D-06C8A096488D}.Release|Any CPU.ActiveCfg = Release|Any CPU
		{2F742042-BCFB-4407-B84D-06C8A096488D}.Release|Any CPU.Build.0 = Release|Any CPU
		{6708C8F7-736B-4F47-A8F2-F7C04CCA8127}.Debug|Any CPU.ActiveCfg = Debug|Any CPU
		{6708C8F7-736B-4F47-A8F2-F7C04CCA8127}.Debug|Any CPU.Build.0 = Debug|Any CPU
		{6708C8F7-736B-4F47-A8F2-F7C04CCA8127}.Release|Any CPU.ActiveCfg = Release|Any CPU
		{6708C8F7-736B-4F47-A8F2-F7C04CCA8127}.Release|Any CPU.Build.0 = Release|Any CPU
		{D8EF384B-DD83-44B1-BBD8-08857268D0D9}.Debug|Any CPU.ActiveCfg = Debug|Any CPU
		{D8EF384B-DD83-44B1-BBD8-08857268D0D9}.Debug|Any CPU.Build.0 = Debug|Any CPU
		{D8EF384B-DD83-44B1-BBD8-08857268D0D9}.Release|Any CPU.ActiveCfg = Release|Any CPU
		{D8EF384B-DD83-44B1-BBD8-08857268D0D9}.Release|Any CPU.Build.0 = Release|Any CPU
		{CBED0799-D216-4B7B-95A8-FA0720DC47EE}.Debug|Any CPU.ActiveCfg = Debug|Any CPU
		{CBED0799-D216-4B7B-95A8-FA0720DC47EE}.Debug|Any CPU.Build.0 = Debug|Any CPU
		{CBED0799-D216-4B7B-95A8-FA0720DC47EE}.Release|Any CPU.ActiveCfg = Release|Any CPU
		{CBED0799-D216-4B7B-95A8-FA0720DC47EE}.Release|Any CPU.Build.0 = Release|Any CPU
	EndGlobalSection
	GlobalSection(SolutionProperties) = preSolution
		HideSolutionNode = FALSE
	EndGlobalSection
	GlobalSection(ExtensibilityGlobals) = postSolution
		SolutionGuid = {4FD678AA-CF12-4F50-A141-CC66E9F9EF41}
	EndGlobalSection
EndGlobal
